{
  "name": "llmfetcher",
  "lockfileVersion": 3,
  "requires": true,
  "packages": {
    "": {
      "dependencies": {
        "codetalk-cli": "^0.1.1"
      }
    },
    "node_modules/codetalk-cli": {
      "version": "0.1.1",
      "resolved": "https://registry.npmjs.org/codetalk-cli/-/codetalk-cli-0.1.1.tgz",
      "integrity": "sha512-K03ivZOPn/v0zRw7BjQ7WF/JfrDpdh+wgzgSpY+i+UEOVt8fELWmmY15t5+gJLyDrD+q7W/bb0pdUKkHosnhKQ==",
      "license": "MIT",
      "bin": {
        "codetalk": "dist/index.js",
        "codetalk-cli": "dist/index.js"
      },
      "engines": {
        "node": ">=18"
      }
    }
  }
}
